
Microsoft Visual Studio Solution File, Format Version 12.00
# Visual Studio Version 17
VisualStudioVersion = 17.0.31612.314
MinimumVisualStudioVersion = 10.0.40219.1
Project("{9A19103F-16F7-4668-BE54-9A1E7A4F7556}") = "MinApi", "MinApi\MinApi.csproj", "{24378F7B-C4C6-423F-AC98-8331C71C30F5}"
EndProject
Global
	GlobalSection(SolutionConfigurationPlatforms) = preSolution
		Debug|Any CPU = Debug|Any CPU
		Release|Any CPU = Release|Any CPU
	EndGlobalSection
	GlobalSection(ProjectConfigurationPlatforms) = postSolution
		{24378F7B-C4C6-423F-AC98-8331C71C30F5}.Debug|Any CPU.ActiveCfg = Debug|Any CPU
		{24378F7B-C4C6-423F-AC98-8331C71C30F5}.Debug|Any CPU.Build.0 = Debug|Any CPU
		{24378F7B-C4C6-423F-AC98-8331C71C30F5}.Release|Any CPU.ActiveCfg = Release|Any CPU
		{24378F7B-C4C6-423F-AC98-8331C71C30F5}.Release|Any CPU.Build.0 = Release|Any CPU
	EndGlobalSection
	GlobalSection(SolutionProperties) = preSolution
		HideSolutionNode = FALSE
	EndGlobalSection
	GlobalSection(ExtensibilityGlobals) = postSolution
		SolutionGuid = {3C1FDC8A-F37B-4D1A-8425-68B43105F703}
	EndGlobalSection
EndGlobal
